// !$*UTF8*$!
{
	archiveVersion = 1;
	classes = {
	};
	objectVersion = 50;
	objects = {

/* Begin PBXBuildFile section */
		106DB359248D9458000F1FA0 /* SunBurnTracker WatchKit App.app in Embed Watch Content */ = {isa = PBXBuildFile; fileRef = 106DB358248D9458000F1FA0 /* SunBurnTracker WatchKit App.app */; settings = {ATTRIBUTES = (RemoveHeadersOnCopy, ); }; };
		106DB35F248D9458000F1FA0 /* Interface.storyboard in Resources */ = {isa = PBXBuildFile; fileRef = 106DB35D248D9458000F1FA0 /* Interface.storyboard */; };
		106DB361248D945B000F1FA0 /* Assets.xcassets in Resources */ = {isa = PBXBuildFile; fileRef = 106DB360248D945B000F1FA0 /* Assets.xcassets */; };
		106DB368248D945B000F1FA0 /* SunBurnTracker WatchKit Extension.appex in Embed App Extensions */ = {isa = PBXBuildFile; fileRef = 106DB367248D945B000F1FA0 /* SunBurnTracker WatchKit Extension.appex */; settings = {ATTRIBUTES = (RemoveHeadersOnCopy, ); }; };
		106DB36D248D945B000F1FA0 /* InterfaceController.swift in Sources */ = {isa = PBXBuildFile; fileRef = 106DB36C248D945B000F1FA0 /* InterfaceController.swift */; };
		106DB36F248D945B000F1FA0 /* ExtensionDelegate.swift in Sources */ = {isa = PBXBuildFile; fileRef = 106DB36E248D945B000F1FA0 /* ExtensionDelegate.swift */; };
		106DB371248D945B000F1FA0 /* NotificationController.swift in Sources */ = {isa = PBXBuildFile; fileRef = 106DB370248D945B000F1FA0 /* NotificationController.swift */; };
		106DB373248D945E000F1FA0 /* Assets.xcassets in Resources */ = {isa = PBXBuildFile; fileRef = 106DB372248D945E000F1FA0 /* Assets.xcassets */; };
		106DB384248D9890000F1FA0 /* sunBurnTracker.swift in Sources */ = {isa = PBXBuildFile; fileRef = 106DB383248D9890000F1FA0 /* sunBurnTracker.swift */; };
/* End PBXBuildFile section */

/* Begin PBXContainerItemProxy section */
		106DB35A248D9458000F1FA0 /* PBXContainerItemProxy */ = {
			isa = PBXContainerItemProxy;
			containerPortal = 106DB34E248D9457000F1FA0 /* Project object */;
			proxyType = 1;
			remoteGlobalIDString = 106DB357248D9458000F1FA0;
			remoteInfo = "SunBurnTracker WatchKit App";
		};
		106DB369248D945B000F1FA0 /* PBXContainerItemProxy */ = {
			isa = PBXContainerItemProxy;
			containerPortal = 106DB34E248D9457000F1FA0 /* Project object */;
			proxyType = 1;
			remoteGlobalIDString = 106DB366248D945B000F1FA0;
			remoteInfo = "SunBurnTracker WatchKit Extension";
		};
/* End PBXContainerItemProxy section */

/* Begin PBXCopyFilesBuildPhase section */
		106DB37B248D945E000F1FA0 /* Embed App Extensions */ = {
			isa = PBXCopyFilesBuildPhase;
			buildActionMask = 2147483647;
			dstPath = "";
			dstSubfolderSpec = 13;
			files = (
				106DB368248D945B000F1FA0 /* SunBurnTracker WatchKit Extension.appex in Embed App Extensions */,
			);
			name = "Embed App Extensions";
			runOnlyForDeploymentPostprocessing = 0;
		};
		106DB37F248D945E000F1FA0 /* Embed Watch Content */ = {
			isa = PBXCopyFilesBuildPhase;
			buildActionMask = 2147483647;
			dstPath = "$(CONTENTS_FOLDER_PATH)/Watch";
			dstSubfolderSpec = 16;
			files = (
				106DB359248D9458000F1FA0 /* SunBurnTracker WatchKit App.app in Embed Watch Content */,
			);
			name = "Embed Watch Content";
			runOnlyForDeploymentPostprocessing = 0;
		};
/* End PBXCopyFilesBuildPhase section */

/* Begin PBXFileReference section */
		106DB354248D9458000F1FA0 /* SunBurnTracker.app */ = {isa = PBXFileReference; explicitFileType = wrapper.application; includeInIndex = 0; path = SunBurnTracker.app; sourceTree = BUILT_PRODUCTS_DIR; };
		106DB358248D9458000F1FA0 /* SunBurnTracker WatchKit App.app */ = {isa = PBXFileReference; explicitFileType = wrapper.application; includeInIndex = 0; path = "SunBurnTracker WatchKit App.app"; sourceTree = BUILT_PRODUCTS_DIR; };
		106DB35E248D9458000F1FA0 /* Base */ = {isa = PBXFileReference; lastKnownFileType = file.storyboard; name = Base; path = Base.lproj/Interface.storyboard; sourceTree = "<group>"; };
		106DB360248D945B000F1FA0 /* Assets.xcassets */ = {isa = PBXFileReference; lastKnownFileType = folder.assetcatalog; path = Assets.xcassets; sourceTree = "<group>"; };
		106DB362248D945B000F1FA0 /* Info.plist */ = {isa = PBXFileReference; lastKnownFileType = text.plist.xml; path = Info.plist; sourceTree = "<group>"; };
		106DB367248D945B000F1FA0 /* SunBurnTracker WatchKit Extension.appex */ = {isa = PBXFileReference; explicitFileType = "wrapper.app-extension"; includeInIndex = 0; path = "SunBurnTracker WatchKit Extension.appex"; sourceTree = BUILT_PRODUCTS_DIR; };
		106DB36C248D945B000F1FA0 /* InterfaceController.swift */ = {isa = PBXFileReference; lastKnownFileType = sourcecode.swift; path = InterfaceController.swift; sourceTree = "<group>"; };
		106DB36E248D945B000F1FA0 /* ExtensionDelegate.swift */ = {isa = PBXFileReference; lastKnownFileType = sourcecode.swift; path = ExtensionDelegate.swift; sourceTree = "<group>"; };
		106DB370248D945B000F1FA0 /* NotificationController.swift */ = {isa = PBXFileReference; lastKnownFileType = sourcecode.swift; path = NotificationController.swift; sourceTree = "<group>"; };
		106DB372248D945E000F1FA0 /* Assets.xcassets */ = {isa = PBXFileReference; lastKnownFileType = folder.assetcatalog; path = Assets.xcassets; sourceTree = "<group>"; };
		106DB374248D945E000F1FA0 /* Info.plist */ = {isa = PBXFileReference; lastKnownFileType = text.plist.xml; path = Info.plist; sourceTree = "<group>"; };
		106DB375248D945E000F1FA0 /* PushNotificationPayload.apns */ = {isa = PBXFileReference; lastKnownFileType = text; path = PushNotificationPayload.apns; sourceTree = "<group>"; };
		106DB383248D9890000F1FA0 /* sunBurnTracker.swift */ = {isa = PBXFileReference; lastKnownFileType = sourcecode.swift; path = sunBurnTracker.swift; sourceTree = "<group>"; };
/* End PBXFileReference section */

/* Begin PBXFrameworksBuildPhase section */
		106DB364248D945B000F1FA0 /* Frameworks */ = {
			isa = PBXFrameworksBuildPhase;
			buildActionMask = 2147483647;
			files = (
			);
			runOnlyForDeploymentPostprocessing = 0;
		};
/* End PBXFrameworksBuildPhase section */

/* Begin PBXGroup section */
		106DB34D248D9457000F1FA0 = {
			isa = PBXGroup;
			children = (
				106DB35C248D9458000F1FA0 /* SunBurnTracker WatchKit App */,
				106DB36B248D945B000F1FA0 /* SunBurnTracker WatchKit Extension */,
				106DB355248D9458000F1FA0 /* Products */,
			);
			sourceTree = "<group>";
		};
		106DB355248D9458000F1FA0 /* Products */ = {
			isa = PBXGroup;
			children = (
				106DB354248D9458000F1FA0 /* SunBurnTracker.app */,
				106DB358248D9458000F1FA0 /* SunBurnTracker WatchKit App.app */,
				106DB367248D945B000F1FA0 /* SunBurnTracker WatchKit Extension.appex */,
			);
			name = Products;
			sourceTree = "<group>";
		};
		106DB35C248D9458000F1FA0 /* SunBurnTracker WatchKit App */ = {
			isa = PBXGroup;
			children = (
				106DB35D248D9458000F1FA0 /* Interface.storyboard */,
				106DB360248D945B000F1FA0 /* Assets.xcassets */,
				106DB362248D945B000F1FA0 /* Info.plist */,
			);
			path = "SunBurnTracker WatchKit App";
			sourceTree = "<group>";
		};
		106DB36B248D945B000F1FA0 /* SunBurnTracker WatchKit Extension */ = {
			isa = PBXGroup;
			children = (
				106DB36C248D945B000F1FA0 /* InterfaceController.swift */,
				106DB383248D9890000F1FA0 /* sunBurnTracker.swift */,
				106DB36E248D945B000F1FA0 /* ExtensionDelegate.swift */,
				106DB370248D945B000F1FA0 /* NotificationController.swift */,
				106DB372248D945E000F1FA0 /* Assets.xcassets */,
				106DB374248D945E000F1FA0 /* Info.plist */,
				106DB375248D945E000F1FA0 /* PushNotificationPayload.apns */,
			);
			path = "SunBurnTracker WatchKit Extension";
			sourceTree = "<group>";
		};
/* End PBXGroup section */

/* Begin PBXNativeTarget section */
		106DB353248D9458000F1FA0 /* SunBurnTracker */ = {
			isa = PBXNativeTarget;
			buildConfigurationList = 106DB380248D945E000F1FA0 /* Build configuration list for PBXNativeTarget "SunBurnTracker" */;
			buildPhases = (
				106DB352248D9458000F1FA0 /* Resources */,
				106DB37F248D945E000F1FA0 /* Embed Watch Content */,
			);
			buildRules = (
			);
			dependencies = (
				106DB35B248D9458000F1FA0 /* PBXTargetDependency */,
			);
			name = SunBurnTracker;
			productName = SunBurnTracker;
			productReference = 106DB354248D9458000F1FA0 /* SunBurnTracker.app */;
			productType = "com.apple.product-type.application.watchapp2-container";
		};
		106DB357248D9458000F1FA0 /* SunBurnTracker WatchKit App */ = {
			isa = PBXNativeTarget;
			buildConfigurationList = 106DB37C248D945E000F1FA0 /* Build configuration list for PBXNativeTarget "SunBurnTracker WatchKit App" */;
			buildPhases = (
				106DB356248D9458000F1FA0 /* Resources */,
				106DB37B248D945E000F1FA0 /* Embed App Extensions */,
			);
			buildRules = (
			);
			dependencies = (
				106DB36A248D945B000F1FA0 /* PBXTargetDependency */,
			);
			name = "SunBurnTracker WatchKit App";
			productName = "SunBurnTracker WatchKit App";
			productReference = 106DB358248D9458000F1FA0 /* SunBurnTracker WatchKit App.app */;
			productType = "com.apple.product-type.application.watchapp2";
		};
		106DB366248D945B000F1FA0 /* SunBurnTracker WatchKit Extension */ = {
			isa = PBXNativeTarget;
			buildConfigurationList = 106DB378248D945E000F1FA0 /* Build configuration list for PBXNativeTarget "SunBurnTracker WatchKit Extension" */;
			buildPhases = (
				106DB363248D945B000F1FA0 /* Sources */,
				106DB364248D945B000F1FA0 /* Frameworks */,
				106DB365248D945B000F1FA0 /* Resources */,
			);
			buildRules = (
			);
			dependencies = (
			);
			name = "SunBurnTracker WatchKit Extension";
			productName = "SunBurnTracker WatchKit Extension";
			productReference = 106DB367248D945B000F1FA0 /* SunBurnTracker WatchKit Extension.appex */;
			productType = "com.apple.product-type.watchkit2-extension";
		};
/* End PBXNativeTarget section */

/* Begin PBXProject section */
		106DB34E248D9457000F1FA0 /* Project object */ = {
			isa = PBXProject;
			attributes = {
				LastSwiftUpdateCheck = 1150;
				LastUpgradeCheck = 1150;
				ORGANIZATIONNAME = "Graham Sela";
				TargetAttributes = {
					106DB353248D9458000F1FA0 = {
						CreatedOnToolsVersion = 11.5;
					};
					106DB357248D9458000F1FA0 = {
						CreatedOnToolsVersion = 11.5;
					};
					106DB366248D945B000F1FA0 = {
						CreatedOnToolsVersion = 11.5;
					};
				};
			};
			buildConfigurationList = 106DB351248D9457000F1FA0 /* Build configuration list for PBXProject "SunBurnTracker" */;
			compatibilityVersion = "Xcode 9.3";
			developmentRegion = en;
			hasScannedForEncodings = 0;
			knownRegions = (
				en,
				Base,
			);
			mainGroup = 106DB34D248D9457000F1FA0;
			productRefGroup = 106DB355248D9458000F1FA0 /* Products */;
			projectDirPath = "";
			projectRoot = "";
			targets = (
				106DB353248D9458000F1FA0 /* SunBurnTracker */,
				106DB357248D9458000F1FA0 /* SunBurnTracker WatchKit App */,
				106DB366248D945B000F1FA0 /* SunBurnTracker WatchKit Extension */,
			);
		};
/* End PBXProject section */

/* Begin PBXResourcesBuildPhase section */
		106DB352248D9458000F1FA0 /* Resources */ = {
			isa = PBXResourcesBuildPhase;
			buildActionMask = 2147483647;
			files = (
			);
			runOnlyForDeploymentPostprocessing = 0;
		};
		106DB356248D9458000F1FA0 /* Resources */ = {
			isa = PBXResourcesBuildPhase;
			buildActionMask = 2147483647;
			files = (
				106DB361248D945B000F1FA0 /* Assets.xcassets in Resources */,
				106DB35F248D9458000F1FA0 /* Interface.storyboard in Resources */,
			);
			runOnlyForDeploymentPostprocessing = 0;
		};
		106DB365248D945B000F1FA0 /* Resources */ = {
			isa = PBXResourcesBuildPhase;
			buildActionMask = 2147483647;
			files = (
				106DB373248D945E000F1FA0 /* Assets.xcassets in Resources */,
			);
			runOnlyForDeploymentPostprocessing = 0;
		};
/* End PBXResourcesBuildPhase section */

/* Begin PBXSourcesBuildPhase section */
		106DB363248D945B000F1FA0 /* Sources */ = {
			isa = PBXSourcesBuildPhase;
			buildActionMask = 2147483647;
			files = (
				106DB384248D9890000F1FA0 /* sunBurnTracker.swift in Sources */,
				106DB371248D945B000F1FA0 /* NotificationController.swift in Sources */,
				106DB36F248D945B000F1FA0 /* ExtensionDelegate.swift in Sources */,
				106DB36D248D945B000F1FA0 /* InterfaceController.swift in Sources */,
			);
			runOnlyForDeploymentPostprocessing = 0;
		};
/* End PBXSourcesBuildPhase section */

/* Begin PBXTargetDependency section */
		106DB35B248D9458000F1FA0 /* PBXTargetDependency */ = {
			isa = PBXTargetDependency;
			target = 106DB357248D9458000F1FA0 /* SunBurnTracker WatchKit App */;
			targetProxy = 106DB35A248D9458000F1FA0 /* PBXContainerItemProxy */;
		};
		106DB36A248D945B000F1FA0 /* PBXTargetDependency */ = {
			isa = PBXTargetDependency;
			target = 106DB366248D945B000F1FA0 /* SunBurnTracker WatchKit Extension */;
			targetProxy = 106DB369248D945B000F1FA0 /* PBXContainerItemProxy */;
		};
/* End PBXTargetDependency section */

/* Begin PBXVariantGroup section */
		106DB35D248D9458000F1FA0 /* Interface.storyboard */ = {
			isa = PBXVariantGroup;
			children = (
				106DB35E248D9458000F1FA0 /* Base */,
			);
			name = Interface.storyboard;
			sourceTree = "<group>";
		};
/* End PBXVariantGroup section */

/* Begin XCBuildConfiguration section */
		106DB376248D945E000F1FA0 /* Debug */ = {
			isa = XCBuildConfiguration;
			buildSettings = {
				ALWAYS_SEARCH_USER_PATHS = NO;
				CLANG_ANALYZER_NONNULL = YES;
				CLANG_ANALYZER_NUMBER_OBJECT_CONVERSION = YES_AGGRESSIVE;
				CLANG_CXX_LANGUAGE_STANDARD = "gnu++14";
				CLANG_CXX_LIBRARY = "libc++";
				CLANG_ENABLE_MODULES = YES;
				CLANG_ENABLE_OBJC_ARC = YES;
				CLANG_ENABLE_OBJC_WEAK = YES;
				CLANG_WARN_BLOCK_CAPTURE_AUTORELEASING = YES;
				CLANG_WARN_BOOL_CONVERSION = YES;
				CLANG_WARN_COMMA = YES;
				CLANG_WARN_CONSTANT_CONVERSION = YES;
				CLANG_WARN_DEPRECATED_OBJC_IMPLEMENTATIONS = YES;
				CLANG_WARN_DIRECT_OBJC_ISA_USAGE = YES_ERROR;
				CLANG_WARN_DOCUMENTATION_COMMENTS = YES;
				CLANG_WARN_EMPTY_BODY = YES;
				CLANG_WARN_ENUM_CONVERSION = YES;
				CLANG_WARN_INFINITE_RECURSION = YES;
				CLANG_WARN_INT_CONVERSION = YES;
				CLANG_WARN_NON_LITERAL_NULL_CONVERSION = YES;
				CLANG_WARN_OBJC_IMPLICIT_RETAIN_SELF = YES;
				CLANG_WARN_OBJC_LITERAL_CONVERSION = YES;
				CLANG_WARN_OBJC_ROOT_CLASS = YES_ERROR;
				CLANG_WARN_RANGE_LOOP_ANALYSIS = YES;
				CLANG_WARN_STRICT_PROTOTYPES = YES;
				CLANG_WARN_SUSPICIOUS_MOVE = YES;
				CLANG_WARN_UNGUARDED_AVAILABILITY = YES_AGGRESSIVE;
				CLANG_WARN_UNREACHABLE_CODE = YES;
				CLANG_WARN__DUPLICATE_METHOD_MATCH = YES;
				COPY_PHASE_STRIP = NO;
				DEBUG_INFORMATION_FORMAT = dwarf;
				ENABLE_STRICT_OBJC_MSGSEND = YES;
				ENABLE_TESTABILITY = YES;
				GCC_C_LANGUAGE_STANDARD = gnu11;
				GCC_DYNAMIC_NO_PIC = NO;
				GCC_NO_COMMON_BLOCKS = YES;
				GCC_OPTIMIZATION_LEVEL = 0;
				GCC_PREPROCESSOR_DEFINITIONS = (
					"DEBUG=1",
					"$(inherited)",
				);
				GCC_WARN_64_TO_32_BIT_CONVERSION = YES;
				GCC_WARN_ABOUT_RETURN_TYPE = YES_ERROR;
				GCC_WARN_UNDECLARED_SELECTOR = YES;
				GCC_WARN_UNINITIALIZED_AUTOS = YES_AGGRESSIVE;
				GCC_WARN_UNUSED_FUNCTION = YES;
				GCC_WARN_UNUSED_VARIABLE = YES;
				MTL_ENABLE_DEBUG_INFO = INCLUDE_SOURCE;
				MTL_FAST_MATH = YES;
				ONLY_ACTIVE_ARCH = YES;
				SDKROOT = iphoneos;
				SWIFT_ACTIVE_COMPILATION_CONDITIONS = DEBUG;
				SWIFT_OPTIMIZATION_LEVEL = "-Onone";
			};
			name = Debug;
		};
		106DB377248D945E000F1FA0 /* Release */ = {
			isa = XCBuildConfiguration;
			buildSettings = {
				ALWAYS_SEARCH_USER_PATHS = NO;
				CLANG_ANALYZER_NONNULL = YES;
				CLANG_ANALYZER_NUMBER_OBJECT_CONVERSION = YES_AGGRESSIVE;
				CLANG_CXX_LANGUAGE_STANDARD = "gnu++14";
				CLANG_CXX_LIBRARY = "libc++";
				CLANG_ENABLE_MODULES = YES;
				CLANG_ENABLE_OBJC_ARC = YES;
				CLANG_ENABLE_OBJC_WEAK = YES;
				CLANG_WARN_BLOCK_CAPTURE_AUTORELEASING = YES;
				CLANG_WARN_BOOL_CONVERSION = YES;
				CLANG_WARN_COMMA = YES;
				CLANG_WARN_CONSTANT_CONVERSION = YES;
				CLANG_WARN_DEPRECATED_OBJC_IMPLEMENTATIONS = YES;
				CLANG_WARN_DIRECT_OBJC_ISA_USAGE = YES_ERROR;
				CLANG_WARN_DOCUMENTATION_COMMENTS = YES;
				CLANG_WARN_EMPTY_BODY = YES;
				CLANG_WARN_ENUM_CONVERSION = YES;
				CLANG_WARN_INFINITE_RECURSION = YES;
				CLANG_WARN_INT_CONVERSION = YES;
				CLANG_WARN_NON_LITERAL_NULL_CONVERSION = YES;
				CLANG_WARN_OBJC_IMPLICIT_RETAIN_SELF = YES;
				CLANG_WARN_OBJC_LITERAL_CONVERSION = YES;
				CLANG_WARN_OBJC_ROOT_CLASS = YES_ERROR;
				CLANG_WARN_RANGE_LOOP_ANALYSIS = YES;
				CLANG_WARN_STRICT_PROTOTYPES = YES;
				CLANG_WARN_SUSPICIOUS_MOVE = YES;
				CLANG_WARN_UNGUARDED_AVAILABILITY = YES_AGGRESSIVE;
				CLANG_WARN_UNREACHABLE_CODE = YES;
				CLANG_WARN__DUPLICATE_METHOD_MATCH = YES;
				COPY_PHASE_STRIP = NO;
				DEBUG_INFORMATION_FORMAT = "dwarf-with-dsym";
				ENABLE_NS_ASSERTIONS = NO;
				ENABLE_STRICT_OBJC_MSGSEND = YES;
				GCC_C_LANGUAGE_STANDARD = gnu11;
				GCC_NO_COMMON_BLOCKS = YES;
				GCC_WARN_64_TO_32_BIT_CONVERSION = YES;
				GCC_WARN_ABOUT_RETURN_TYPE = YES_ERROR;
				GCC_WARN_UNDECLARED_SELECTOR = YES;
				GCC_WARN_UNINITIALIZED_AUTOS = YES_AGGRESSIVE;
				GCC_WARN_UNUSED_FUNCTION = YES;
				GCC_WARN_UNUSED_VARIABLE = YES;
				MTL_ENABLE_DEBUG_INFO = NO;
				MTL_FAST_MATH = YES;
				SDKROOT = iphoneos;
				SWIFT_COMPILATION_MODE = wholemodule;
				SWIFT_OPTIMIZATION_LEVEL = "-O";
				VALIDATE_PRODUCT = YES;
			};
			name = Release;
		};
		106DB379248D945E000F1FA0 /* Debug */ = {
			isa = XCBuildConfiguration;
			buildSettings = {
				ASSETCATALOG_COMPILER_COMPLICATION_NAME = Complication;
				CODE_SIGN_STYLE = Automatic;
				INFOPLIST_FILE = "SunBurnTracker WatchKit Extension/Info.plist";
				LD_RUNPATH_SEARCH_PATHS = (
					"$(inherited)",
					"@executable_path/Frameworks",
					"@executable_path/../../Frameworks",
				);
				PRODUCT_BUNDLE_IDENTIFIER = com.grahamsela.SunBurnTracker.watchkitapp.watchkitextension;
				PRODUCT_NAME = "${TARGET_NAME}";
				SDKROOT = watchos;
				SKIP_INSTALL = YES;
				SWIFT_VERSION = 5.0;
				TARGETED_DEVICE_FAMILY = 4;
				WATCHOS_DEPLOYMENT_TARGET = 6.2;
			};
			name = Debug;
		};
		106DB37A248D945E000F1FA0 /* Release */ = {
			isa = XCBuildConfiguration;
			buildSettings = {
				ASSETCATALOG_COMPILER_COMPLICATION_NAME = Complication;
				CODE_SIGN_STYLE = Automatic;
				INFOPLIST_FILE = "SunBurnTracker WatchKit Extension/Info.plist";
				LD_RUNPATH_SEARCH_PATHS = (
					"$(inherited)",
					"@executable_path/Frameworks",
					"@executable_path/../../Frameworks",
				);
				PRODUCT_BUNDLE_IDENTIFIER = com.grahamsela.SunBurnTracker.watchkitapp.watchkitextension;
				PRODUCT_NAME = "${TARGET_NAME}";
				SDKROOT = watchos;
				SKIP_INSTALL = YES;
				SWIFT_VERSION = 5.0;
				TARGETED_DEVICE_FAMILY = 4;
				WATCHOS_DEPLOYMENT_TARGET = 6.2;
			};
			name = Release;
		};
		106DB37D248D945E000F1FA0 /* Debug */ = {
			isa = XCBuildConfiguration;
			buildSettings = {
				ALWAYS_EMBED_SWIFT_STANDARD_LIBRARIES = YES;
				ASSETCATALOG_COMPILER_APPICON_NAME = AppIcon;
				CODE_SIGN_STYLE = Automatic;
				IBSC_MODULE = SunBurnTracker_WatchKit_Extension;
				INFOPLIST_FILE = "SunBurnTracker WatchKit App/Info.plist";
				PRODUCT_BUNDLE_IDENTIFIER = com.grahamsela.SunBurnTracker.watchkitapp;
				PRODUCT_NAME = "$(TARGET_NAME)";
				SDKROOT = watchos;
				SKIP_INSTALL = YES;
				SWIFT_VERSION = 5.0;
				TARGETED_DEVICE_FAMILY = 4;
				WATCHOS_DEPLOYMENT_TARGET = 6.2;
			};
			name = Debug;
		};
		106DB37E248D945E000F1FA0 /* Release */ = {
			isa = XCBuildConfiguration;
			buildSettings = {
				ALWAYS_EMBED_SWIFT_STANDARD_LIBRARIES = YES;
				ASSETCATALOG_COMPILER_APPICON_NAME = AppIcon;
				CODE_SIGN_STYLE = Automatic;
				IBSC_MODULE = SunBurnTracker_WatchKit_Extension;
				INFOPLIST_FILE = "SunBurnTracker WatchKit App/Info.plist";
				PRODUCT_BUNDLE_IDENTIFIER = com.grahamsela.SunBurnTracker.watchkitapp;
				PRODUCT_NAME = "$(TARGET_NAME)";
				SDKROOT = watchos;
				SKIP_INSTALL = YES;
				SWIFT_VERSION = 5.0;
				TARGETED_DEVICE_FAMILY = 4;
				WATCHOS_DEPLOYMENT_TARGET = 6.2;
			};
			name = Release;
		};
		106DB381248D945E000F1FA0 /* Debug */ = {
			isa = XCBuildConfiguration;
			buildSettings = {
				CODE_SIGN_STYLE = Automatic;
				CURRENT_PROJECT_VERSION = 1;
				MARKETING_VERSION = 1.0;
				PRODUCT_BUNDLE_IDENTIFIER = com.grahamsela.SunBurnTracker;
				PRODUCT_NAME = "$(TARGET_NAME)";
				SWIFT_VERSION = 5.0;
			};
			name = Debug;
		};
		106DB382248D945E000F1FA0 /* Release */ = {
			isa = XCBuildConfiguration;
			buildSettings = {
				CODE_SIGN_STYLE = Automatic;
				CURRENT_PROJECT_VERSION = 1;
				MARKETING_VERSION = 1.0;
				PRODUCT_BUNDLE_IDENTIFIER = com.grahamsela.SunBurnTracker;
				PRODUCT_NAME = "$(TARGET_NAME)";
				SWIFT_VERSION = 5.0;
			};
			name = Release;
		};
/* End XCBuildConfiguration section */

/* Begin XCConfigurationList section */
		106DB351248D9457000F1FA0 /* Build configuration list for PBXProject "SunBurnTracker" */ = {
			isa = XCConfigurationList;
			buildConfigurations = (
				106DB376248D945E000F1FA0 /* Debug */,
				106DB377248D945E000F1FA0 /* Release */,
			);
			defaultConfigurationIsVisible = 0;
			defaultConfigurationName = Release;
		};
		106DB378248D945E000F1FA0 /* Build configuration list for PBXNativeTarget "SunBurnTracker WatchKit Extension" */ = {
			isa = XCConfigurationList;
			buildConfigurations = (
				106DB379248D945E000F1FA0 /* Debug */,
				106DB37A248D945E000F1FA0 /* Release */,
			);
			defaultConfigurationIsVisible = 0;
			defaultConfigurationName = Release;
		};
		106DB37C248D945E000F1FA0 /* Build configuration list for PBXNativeTarget "SunBurnTracker WatchKit App" */ = {
			isa = XCConfigurationList;
			buildConfigurations = (
				106DB37D248D945E000F1FA0 /* Debug */,
				106DB37E248D945E000F1FA0 /* Release */,
			);
			defaultConfigurationIsVisible = 0;
			defaultConfigurationName = Release;
		};
		106DB380248D945E000F1FA0 /* Build configuration list for PBXNativeTarget "SunBurnTracker" */ = {
			isa = XCConfigurationList;
			buildConfigurations = (
				106DB381248D945E000F1FA0 /* Debug */,
				106DB382248D945E000F1FA0 /* Release */,
			);
			defaultConfigurationIsVisible = 0;
			defaultConfigurationName = Release;
		};
/* End XCConfigurationList section */
	};
	rootObject = 106DB34E248D9457000F1FA0 /* Project object */;
}
